
Microsoft Visual Studio Solution File, Format Version 12.00
# Visual Studio Version 17
VisualStudioVersion = 17.1.32328.378
MinimumVisualStudioVersion = 10.0.40219.1
Project("{FAE04EC0-301F-11D3-BF4B-00C04F79EFBC}") = "Milestone4", "Milestone4\Milestone4.csproj", "{57092F8B-DEAF-4B0C-BEED-7B061B399E64}"
EndProject
Global
	GlobalSection(SolutionConfigurationPlatforms) = preSolution
		Debug|Any CPU = Debug|Any CPU
		Release|Any CPU = Release|Any CPU
	EndGlobalSection
	GlobalSection(ProjectConfigurationPlatforms) = postSolution
		{57092F8B-DEAF-4B0C-BEED-7B061B399E64}.Debug|Any CPU.ActiveCfg = Debug|Any CPU
		{57092F8B-DEAF-4B0C-BEED-7B061B399E64}.Debug|Any CPU.Build.0 = Debug|Any CPU
		{57092F8B-DEAF-4B0C-BEED-7B061B399E64}.Release|Any CPU.ActiveCfg = Release|Any CPU
		{57092F8B-DEAF-4B0C-BEED-7B061B399E64}.Release|Any CPU.Build.0 = Release|Any CPU
	EndGlobalSection
	GlobalSection(SolutionProperties) = preSolution
		HideSolutionNode = FALSE
	EndGlobalSection
	GlobalSection(ExtensibilityGlobals) = postSolution
		SolutionGuid = {609A9FF7-4A35-4D73-BC74-46760D4C540E}
	EndGlobalSection
EndGlobal
